{
    "name": "web",
    "lockfileVersion": 3,
    "requires": true,
    "packages": {
        "": {
            "devDependencies": {
                "@types/opentype.js": "^1.3.8"
            }
        },
        "node_modules/@types/opentype.js": {
            "version": "1.3.8",
            "resolved": "https://registry.npmjs.org/@types/opentype.js/-/opentype.js-1.3.8.tgz",
            "integrity": "sha512-H6qeTp03jrknklSn4bpT1/9+1xCAEIU2CnjcWPkicJy8A1SKuthanbvoHYMiv79/2W3Xn1XE4gfSJFzt2U3JSw==",
            "dev": true,
            "license": "MIT"
        }
    }
}
